Microsoft Visual Studio Solution File, Format Version 11.00
# Visual Studio 2008

Project("{D259E84A-C1A7-0FFE-E68D-55A222A68B00}") = "Unity Auto Save", "Assembly-CSharp.csproj", "{C7DD0093-377D-639F-EC1D-8F8F2684898E}"
EndProject
Global
	GlobalSection(SolutionConfigurationPlatforms) = preSolution
		Debug|Any CPU = Debug|Any CPU
		Release|Any CPU = Release|Any CPU
	EndGlobalSection
	GlobalSection(ProjectConfigurationPlatforms) = postSolution
		{C7DD0093-377D-639F-EC1D-8F8F2684898E}.Debug|Any CPU.ActiveCfg = Debug|Any CPU
		{C7DD0093-377D-639F-EC1D-8F8F2684898E}.Debug|Any CPU.Build.0 = Debug|Any CPU
		{C7DD0093-377D-639F-EC1D-8F8F2684898E}.Release|Any CPU.ActiveCfg = Release|Any CPU
		{C7DD0093-377D-639F-EC1D-8F8F2684898E}.Release|Any CPU.Build.0 = Release|Any CPU
	EndGlobalSection
	GlobalSection(SolutionProperties) = preSolution
		HideSolutionNode = FALSE
	EndGlobalSection
	GlobalSection(MonoDevelopProperties) = preSolution
		StartupItem = Assembly-CSharp.csproj
	EndGlobalSection
EndGlobal
